
Microsoft Visual Studio Solution File, Format Version 12.00
# Visual Studio Version 17
VisualStudioVersion = 17.6.33815.320
MinimumVisualStudioVersion = 10.0.40219.1
Project("{2150E333-8FDC-42A3-9474-1A3956D46DE8}") = "src", "src", "{F2BC0150-8755-4488-9236-65F984720E06}"
EndProject
Project("{2150E333-8FDC-42A3-9474-1A3956D46DE8}") = "tests", "tests", "{5417E983-E0D3-4AF4-9641-62711723A2AF}"
EndProject
Project("{FAE04EC0-301F-11D3-BF4B-00C04F79EFBC}") = "BaseTypes.NET", "src\BaseTypes.NET\BaseTypes.NET.csproj", "{638F73E4-0A0A-44C8-81E2-9ED005D3D548}"
EndProject
Global
	GlobalSection(SolutionConfigurationPlatforms) = preSolution
		Debug|Any CPU = Debug|Any CPU
		Release|Any CPU = Release|Any CPU
	EndGlobalSection
	GlobalSection(ProjectConfigurationPlatforms) = postSolution
		{638F73E4-0A0A-44C8-81E2-9ED005D3D548}.Debug|Any CPU.ActiveCfg = Debug|Any CPU
		{638F73E4-0A0A-44C8-81E2-9ED005D3D548}.Debug|Any CPU.Build.0 = Debug|Any CPU
		{638F73E4-0A0A-44C8-81E2-9ED005D3D548}.Release|Any CPU.ActiveCfg = Release|Any CPU
		{638F73E4-0A0A-44C8-81E2-9ED005D3D548}.Release|Any CPU.Build.0 = Release|Any CPU
	EndGlobalSection
	GlobalSection(SolutionProperties) = preSolution
		HideSolutionNode = FALSE
	EndGlobalSection
	GlobalSection(NestedProjects) = preSolution
		{638F73E4-0A0A-44C8-81E2-9ED005D3D548} = {F2BC0150-8755-4488-9236-65F984720E06}
	EndGlobalSection
	GlobalSection(ExtensibilityGlobals) = postSolution
		SolutionGuid = {7AD6E646-BBFC-4DDB-AC2A-4060A051383C}
	EndGlobalSection
EndGlobal
